
Microsoft Visual Studio Solution File, Format Version 12.00
# Visual Studio Version 17
VisualStudioVersion = 17.0.31903.59
MinimumVisualStudioVersion = 10.0.40219.1
Project("{2150E333-8FDC-42A3-9474-1A3956D46DE8}") = "src", "src", "{827E0CD3-B72D-47B6-A68D-7590B98EB39B}"
EndProject
Project("{2150E333-8FDC-42A3-9474-1A3956D46DE8}") = "Api", "Api", "{81034408-37C8-1011-444E-4C15C2FADA8E}"
EndProject
Project("{FAE04EC0-301F-11D3-BF4B-00C04F79EFBC}") = "MediAssistAI.Api", "src\Api\MediAssistAI.Api.csproj", "{9EDE7407-F0F4-44A0-BB24-0C590DCFF772}"
EndProject
Project("{FAE04EC0-301F-11D3-BF4B-00C04F79EFBC}") = "MediAssistAI.Models", "src\Models\MediAssistAI.Models.csproj", "{197E2245-F98E-4C6F-9C51-7E22AA71DC88}"
EndProject
Project("{FAE04EC0-301F-11D3-BF4B-00C04F79EFBC}") = "MediAssistAI.Services", "src\Services\MediAssistAI.Services.csproj", "{DCC87CC7-A941-4C16-8F5A-5D59025B1748}"
EndProject
Project("{FAE04EC0-301F-11D3-BF4B-00C04F79EFBC}") = "MediAssistAI.Data", "src\Data\MediAssistAI.Data.csproj", "{F91B94A9-C6AF-4911-8FF7-55CADEA16877}"
EndProject
Project("{FAE04EC0-301F-11D3-BF4B-00C04F79EFBC}") = "MediAssistAI.Security", "src\Security\MediAssistAI.Security.csproj", "{76B76803-AF4C-41AD-B102-2456AD1F09C8}"
EndProject
Project("{FAE04EC0-301F-11D3-BF4B-00C04F79EFBC}") = "MediAssistAI.Api.Tests", "tests\Api.Tests\MediAssistAI.Api.Tests.csproj", "{0B3BBBF4-FB9F-4ED8-8761-44D3A5AC4515}"
EndProject
Project("{2150E333-8FDC-42A3-9474-1A3956D46DE8}") = "Agents", "Agents", "{BB45B5A8-6B14-5255-64D0-EA6BEE8A90C1}"
EndProject
Project("{FAE04EC0-301F-11D3-BF4B-00C04F79EFBC}") = "MediAssistAI.Agents", "src\Agents\MediAssistAI.Agents.csproj", "{DE965851-1B0A-4067-B716-AFBDE9F8A9CA}"
EndProject
Global
	GlobalSection(SolutionConfigurationPlatforms) = preSolution
		Debug|Any CPU = Debug|Any CPU
		Debug|x64 = Debug|x64
		Debug|x86 = Debug|x86
		Release|Any CPU = Release|Any CPU
		Release|x64 = Release|x64
		Release|x86 = Release|x86
	EndGlobalSection
	GlobalSection(ProjectConfigurationPlatforms) = postSolution
		{9EDE7407-F0F4-44A0-BB24-0C590DCFF772}.Debug|Any CPU.ActiveCfg = Debug|Any CPU
		{9EDE7407-F0F4-44A0-BB24-0C590DCFF772}.Debug|Any CPU.Build.0 = Debug|Any CPU
		{9EDE7407-F0F4-44A0-BB24-0C590DCFF772}.Debug|x64.ActiveCfg = Debug|Any CPU
		{9EDE7407-F0F4-44A0-BB24-0C590DCFF772}.Debug|x64.Build.0 = Debug|Any CPU
		{9EDE7407-F0F4-44A0-BB24-0C590DCFF772}.Debug|x86.ActiveCfg = Debug|Any CPU
		{9EDE7407-F0F4-44A0-BB24-0C590DCFF772}.Debug|x86.Build.0 = Debug|Any CPU
		{9EDE7407-F0F4-44A0-BB24-0C590DCFF772}.Release|Any CPU.ActiveCfg = Release|Any CPU
		{9EDE7407-F0F4-44A0-BB24-0C590DCFF772}.Release|Any CPU.Build.0 = Release|Any CPU
		{9EDE7407-F0F4-44A0-BB24-0C590DCFF772}.Release|x64.ActiveCfg = Release|Any CPU
		{9EDE7407-F0F4-44A0-BB24-0C590DCFF772}.Release|x64.Build.0 = Release|Any CPU
		{9EDE7407-F0F4-44A0-BB24-0C590DCFF772}.Release|x86.ActiveCfg = Release|Any CPU
		{9EDE7407-F0F4-44A0-BB24-0C590DCFF772}.Release|x86.Build.0 = Release|Any CPU
		{197E2245-F98E-4C6F-9C51-7E22AA71DC88}.Debug|Any CPU.ActiveCfg = Debug|Any CPU
		{197E2245-F98E-4C6F-9C51-7E22AA71DC88}.Debug|Any CPU.Build.0 = Debug|Any CPU
		{197E2245-F98E-4C6F-9C51-7E22AA71DC88}.Debug|x64.ActiveCfg = Debug|Any CPU
		{197E2245-F98E-4C6F-9C51-7E22AA71DC88}.Debug|x64.Build.0 = Debug|Any CPU
		{197E2245-F98E-4C6F-9C51-7E22AA71DC88}.Debug|x86.ActiveCfg = Debug|Any CPU
		{197E2245-F98E-4C6F-9C51-7E22AA71DC88}.Debug|x86.Build.0 = Debug|Any CPU
		{197E2245-F98E-4C6F-9C51-7E22AA71DC88}.Release|Any CPU.ActiveCfg = Release|Any CPU
		{197E2245-F98E-4C6F-9C51-7E22AA71DC88}.Release|Any CPU.Build.0 = Release|Any CPU
		{197E2245-F98E-4C6F-9C51-7E22AA71DC88}.Release|x64.ActiveCfg = Release|Any CPU
		{197E2245-F98E-4C6F-9C51-7E22AA71DC88}.Release|x64.Build.0 = Release|Any CPU
		{197E2245-F98E-4C6F-9C51-7E22AA71DC88}.Release|x86.ActiveCfg = Release|Any CPU
		{197E2245-F98E-4C6F-9C51-7E22AA71DC88}.Release|x86.Build.0 = Release|Any CPU
		{DCC87CC7-A941-4C16-8F5A-5D59025B1748}.Debug|Any CPU.ActiveCfg = Debug|Any CPU
		{DCC87CC7-A941-4C16-8F5A-5D59025B1748}.Debug|Any CPU.Build.0 = Debug|Any CPU
		{DCC87CC7-A941-4C16-8F5A-5D59025B1748}.Debug|x64.ActiveCfg = Debug|Any CPU
		{DCC87CC7-A941-4C16-8F5A-5D59025B1748}.Debug|x64.Build.0 = Debug|Any CPU
		{DCC87CC7-A941-4C16-8F5A-5D59025B1748}.Debug|x86.ActiveCfg = Debug|Any CPU
		{DCC87CC7-A941-4C16-8F5A-5D59025B1748}.Debug|x86.Build.0 = Debug|Any CPU
		{DCC87CC7-A941-4C16-8F5A-5D59025B1748}.Release|Any CPU.ActiveCfg = Release|Any CPU
		{DCC87CC7-A941-4C16-8F5A-5D59025B1748}.Release|Any CPU.Build.0 = Release|Any CPU
		{DCC87CC7-A941-4C16-8F5A-5D59025B1748}.Release|x64.ActiveCfg = Release|Any CPU
		{DCC87CC7-A941-4C16-8F5A-5D59025B1748}.Release|x64.Build.0 = Release|Any CPU
		{DCC87CC7-A941-4C16-8F5A-5D59025B1748}.Release|x86.ActiveCfg = Release|Any CPU
		{DCC87CC7-A941-4C16-8F5A-5D59025B1748}.Release|x86.Build.0 = Release|Any CPU
		{F91B94A9-C6AF-4911-8FF7-55CADEA16877}.Debug|Any CPU.ActiveCfg = Debug|Any CPU
		{F91B94A9-C6AF-4911-8FF7-55CADEA16877}.Debug|Any CPU.Build.0 = Debug|Any CPU
		{F91B94A9-C6AF-4911-8FF7-55CADEA16877}.Debug|x64.ActiveCfg = Debug|Any CPU
		{F91B94A9-C6AF-4911-8FF7-55CADEA16877}.Debug|x64.Build.0 = Debug|Any CPU
		{F91B94A9-C6AF-4911-8FF7-55CADEA16877}.Debug|x86.ActiveCfg = Debug|Any CPU
		{F91B94A9-C6AF-4911-8FF7-55CADEA16877}.Debug|x86.Build.0 = Debug|Any CPU
		{F91B94A9-C6AF-4911-8FF7-55CADEA16877}.Release|Any CPU.ActiveCfg = Release|Any CPU
		{F91B94A9-C6AF-4911-8FF7-55CADEA16877}.Release|Any CPU.Build.0 = Release|Any CPU
		{F91B94A9-C6AF-4911-8FF7-55CADEA16877}.Release|x64.ActiveCfg = Release|Any CPU
		{F91B94A9-C6AF-4911-8FF7-55CADEA16877}.Release|x64.Build.0 = Release|Any CPU
		{F91B94A9-C6AF-4911-8FF7-55CADEA16877}.Release|x86.ActiveCfg = Release|Any CPU
		{F91B94A9-C6AF-4911-8FF7-55CADEA16877}.Release|x86.Build.0 = Release|Any CPU
		{76B76803-AF4C-41AD-B102-2456AD1F09C8}.Debug|Any CPU.ActiveCfg = Debug|Any CPU
		{76B76803-AF4C-41AD-B102-2456AD1F09C8}.Debug|Any CPU.Build.0 = Debug|Any CPU
		{76B76803-AF4C-41AD-B102-2456AD1F09C8}.Debug|x64.ActiveCfg = Debug|Any CPU
		{76B76803-AF4C-41AD-B102-2456AD1F09C8}.Debug|x64.Build.0 = Debug|Any CPU
		{76B76803-AF4C-41AD-B102-2456AD1F09C8}.Debug|x86.ActiveCfg = Debug|Any CPU
		{76B76803-AF4C-41AD-B102-2456AD1F09C8}.Debug|x86.Build.0 = Debug|Any CPU
		{76B76803-AF4C-41AD-B102-2456AD1F09C8}.Release|Any CPU.ActiveCfg = Release|Any CPU
		{76B76803-AF4C-41AD-B102-2456AD1F09C8}.Release|Any CPU.Build.0 = Release|Any CPU
		{76B76803-AF4C-41AD-B102-2456AD1F09C8}.Release|x64.ActiveCfg = Release|Any CPU
		{76B76803-AF4C-41AD-B102-2456AD1F09C8}.Release|x64.Build.0 = Release|Any CPU
		{76B76803-AF4C-41AD-B102-2456AD1F09C8}.Release|x86.ActiveCfg = Release|Any CPU
		{76B76803-AF4C-41AD-B102-2456AD1F09C8}.Release|x86.Build.0 = Release|Any CPU
		{0B3BBBF4-FB9F-4ED8-8761-44D3A5AC4515}.Debug|Any CPU.ActiveCfg = Debug|Any CPU
		{0B3BBBF4-FB9F-4ED8-8761-44D3A5AC4515}.Debug|Any CPU.Build.0 = Debug|Any CPU
		{0B3BBBF4-FB9F-4ED8-8761-44D3A5AC4515}.Debug|x64.ActiveCfg = Debug|Any CPU
		{0B3BBBF4-FB9F-4ED8-8761-44D3A5AC4515}.Debug|x64.Build.0 = Debug|Any CPU
		{0B3BBBF4-FB9F-4ED8-8761-44D3A5AC4515}.Debug|x86.ActiveCfg = Debug|Any CPU
		{0B3BBBF4-FB9F-4ED8-8761-44D3A5AC4515}.Debug|x86.Build.0 = Debug|Any CPU
		{0B3BBBF4-FB9F-4ED8-8761-44D3A5AC4515}.Release|Any CPU.ActiveCfg = Release|Any CPU
		{0B3BBBF4-FB9F-4ED8-8761-44D3A5AC4515}.Release|Any CPU.Build.0 = Release|Any CPU
		{0B3BBBF4-FB9F-4ED8-8761-44D3A5AC4515}.Release|x64.ActiveCfg = Release|Any CPU
		{0B3BBBF4-FB9F-4ED8-8761-44D3A5AC4515}.Release|x64.Build.0 = Release|Any CPU
		{0B3BBBF4-FB9F-4ED8-8761-44D3A5AC4515}.Release|x86.ActiveCfg = Release|Any CPU
		{0B3BBBF4-FB9F-4ED8-8761-44D3A5AC4515}.Release|x86.Build.0 = Release|Any CPU
		{DE965851-1B0A-4067-B716-AFBDE9F8A9CA}.Debug|Any CPU.ActiveCfg = Debug|Any CPU
		{DE965851-1B0A-4067-B716-AFBDE9F8A9CA}.Debug|Any CPU.Build.0 = Debug|Any CPU
		{DE965851-1B0A-4067-B716-AFBDE9F8A9CA}.Debug|x64.ActiveCfg = Debug|Any CPU
		{DE965851-1B0A-4067-B716-AFBDE9F8A9CA}.Debug|x64.Build.0 = Debug|Any CPU
		{DE965851-1B0A-4067-B716-AFBDE9F8A9CA}.Debug|x86.ActiveCfg = Debug|Any CPU
		{DE965851-1B0A-4067-B716-AFBDE9F8A9CA}.Debug|x86.Build.0 = Debug|Any CPU
		{DE965851-1B0A-4067-B716-AFBDE9F8A9CA}.Release|Any CPU.ActiveCfg = Release|Any CPU
		{DE965851-1B0A-4067-B716-AFBDE9F8A9CA}.Release|Any CPU.Build.0 = Release|Any CPU
		{DE965851-1B0A-4067-B716-AFBDE9F8A9CA}.Release|x64.ActiveCfg = Release|Any CPU
		{DE965851-1B0A-4067-B716-AFBDE9F8A9CA}.Release|x64.Build.0 = Release|Any CPU
		{DE965851-1B0A-4067-B716-AFBDE9F8A9CA}.Release|x86.ActiveCfg = Release|Any CPU
		{DE965851-1B0A-4067-B716-AFBDE9F8A9CA}.Release|x86.Build.0 = Release|Any CPU
	EndGlobalSection
	GlobalSection(SolutionProperties) = preSolution
		HideSolutionNode = FALSE
	EndGlobalSection
	GlobalSection(NestedProjects) = preSolution
		{81034408-37C8-1011-444E-4C15C2FADA8E} = {827E0CD3-B72D-47B6-A68D-7590B98EB39B}
		{9EDE7407-F0F4-44A0-BB24-0C590DCFF772} = {81034408-37C8-1011-444E-4C15C2FADA8E}
		{197E2245-F98E-4C6F-9C51-7E22AA71DC88} = {81034408-37C8-1011-444E-4C15C2FADA8E}
		{DCC87CC7-A941-4C16-8F5A-5D59025B1748} = {81034408-37C8-1011-444E-4C15C2FADA8E}
		{F91B94A9-C6AF-4911-8FF7-55CADEA16877} = {81034408-37C8-1011-444E-4C15C2FADA8E}
		{76B76803-AF4C-41AD-B102-2456AD1F09C8} = {81034408-37C8-1011-444E-4C15C2FADA8E}
		{0B3BBBF4-FB9F-4ED8-8761-44D3A5AC4515} = {81034408-37C8-1011-444E-4C15C2FADA8E}
		{BB45B5A8-6B14-5255-64D0-EA6BEE8A90C1} = {827E0CD3-B72D-47B6-A68D-7590B98EB39B}
		{DE965851-1B0A-4067-B716-AFBDE9F8A9CA} = {BB45B5A8-6B14-5255-64D0-EA6BEE8A90C1}
	EndGlobalSection
EndGlobal
